
Microsoft Visual Studio Solution File, Format Version 12.00
Project("{FAE04EC0-301F-11D3-BF4B-00C04F79EFBC}") = "RegularCustomer", "RegularCustomer.csproj", "{FDC23556-991A-404A-9775-2CC4C6C2490C}"
EndProject
Global
	GlobalSection(SolutionConfigurationPlatforms) = preSolution
		Debug|Any CPU = Debug|Any CPU
		Release|Any CPU = Release|Any CPU
	EndGlobalSection
	GlobalSection(ProjectConfigurationPlatforms) = postSolution
		{FDC23556-991A-404A-9775-2CC4C6C2490C}.Debug|Any CPU.ActiveCfg = Debug|Any CPU
		{FDC23556-991A-404A-9775-2CC4C6C2490C}.Debug|Any CPU.Build.0 = Debug|Any CPU
		{FDC23556-991A-404A-9775-2CC4C6C2490C}.Release|Any CPU.ActiveCfg = Release|Any CPU
		{FDC23556-991A-404A-9775-2CC4C6C2490C}.Release|Any CPU.Build.0 = Release|Any CPU
	EndGlobalSection
EndGlobal
